
Microsoft Visual Studio Solution File, Format Version 12.00
# Visual Studio Version 16
VisualStudioVersion = 16.0.30711.63
MinimumVisualStudioVersion = 10.0.40219.1
Project("{FAE04EC0-301F-11D3-BF4B-00C04F79EFBC}") = "NewChat", "NewChat.csproj", "{5AA74BD5-6A1C-43ED-B066-5151D93B232F}"
EndProject
Global
	GlobalSection(SolutionConfigurationPlatforms) = preSolution
		Debug|Any CPU = Debug|Any CPU
		Release|Any CPU = Release|Any CPU
	EndGlobalSection
	GlobalSection(ProjectConfigurationPlatforms) = postSolution
		{5AA74BD5-6A1C-43ED-B066-5151D93B232F}.Debug|Any CPU.ActiveCfg = Debug|Any CPU
		{5AA74BD5-6A1C-43ED-B066-5151D93B232F}.Debug|Any CPU.Build.0 = Debug|Any CPU
		{5AA74BD5-6A1C-43ED-B066-5151D93B232F}.Release|Any CPU.ActiveCfg = Release|Any CPU
		{5AA74BD5-6A1C-43ED-B066-5151D93B232F}.Release|Any CPU.Build.0 = Release|Any CPU
	EndGlobalSection
	GlobalSection(SolutionProperties) = preSolution
		HideSolutionNode = FALSE
	EndGlobalSection
	GlobalSection(ExtensibilityGlobals) = postSolution
		SolutionGuid = {9DE7526C-9273-4E9A-9A86-6E3E0B530F71}
	EndGlobalSection
EndGlobal
