
Microsoft Visual Studio Solution File, Format Version 12.00
# Visual Studio Version 16
VisualStudioVersion = 16.0.30711.63
MinimumVisualStudioVersion = 10.0.40219.1
Project("{FAE04EC0-301F-11D3-BF4B-00C04F79EFBC}") = "Lab3", "Lab3.csproj", "{055185D8-C585-416C-93FE-F4AA70CBE371}"
EndProject
Global
	GlobalSection(SolutionConfigurationPlatforms) = preSolution
		Debug|Any CPU = Debug|Any CPU
		Release|Any CPU = Release|Any CPU
	EndGlobalSection
	GlobalSection(ProjectConfigurationPlatforms) = postSolution
		{055185D8-C585-416C-93FE-F4AA70CBE371}.Debug|Any CPU.ActiveCfg = Debug|Any CPU
		{055185D8-C585-416C-93FE-F4AA70CBE371}.Debug|Any CPU.Build.0 = Debug|Any CPU
		{055185D8-C585-416C-93FE-F4AA70CBE371}.Release|Any CPU.ActiveCfg = Release|Any CPU
		{055185D8-C585-416C-93FE-F4AA70CBE371}.Release|Any CPU.Build.0 = Release|Any CPU
	EndGlobalSection
	GlobalSection(SolutionProperties) = preSolution
		HideSolutionNode = FALSE
	EndGlobalSection
	GlobalSection(ExtensibilityGlobals) = postSolution
		SolutionGuid = {3A05D415-FB81-49D7-8E20-C7F115A459E6}
	EndGlobalSection
EndGlobal
